
Microsoft Visual Studio Solution File, Format Version 12.00
# Visual Studio 2013
VisualStudioVersion = 12.0.31101.0
MinimumVisualStudioVersion = 10.0.40219.1
Project("{FAE04EC0-301F-11D3-BF4B-00C04F79EFBC}") = "dbqf.core", "dbqf.core\dbqf.core.csproj", "{AB9BDEC4-8264-49A2-B2B6-EF6276341535}"
EndProject
Project("{FAE04EC0-301F-11D3-BF4B-00C04F79EFBC}") = "dbqf.WinForms", "Frontends\dbqf.WinForms\dbqf.WinForms.csproj", "{B4727DD4-CEF3-4740-8B90-CE6E2B1C8D26}"
EndProject
Project("{FAE04EC0-301F-11D3-BF4B-00C04F79EFBC}") = "dbqf.core.tests", "dbqf.tests\dbqf.core.tests.csproj", "{BC5AAA8E-D0F7-48DE-9F71-3A7C21BDD6D1}"
EndProject
Project("{2150E333-8FDC-42A3-9474-1A3956D46DE8}") = ".nuget", ".nuget", "{9649AF8E-CB1C-4542-9554-5379DFBFC79D}"
	ProjectSection(SolutionItems) = preProject
		.nuget\NuGet.Config = .nuget\NuGet.Config
		.nuget\NuGet.exe = .nuget\NuGet.exe
		.nuget\NuGet.targets = .nuget\NuGet.targets
		.nuget\packages.config = .nuget\packages.config
	EndProjectSection
EndProject
Project("{FAE04EC0-301F-11D3-BF4B-00C04F79EFBC}") = "Standalone", "Application\Standalone\Standalone.csproj", "{5AAD85B2-212D-421C-9C9B-8B2675550E1E}"
EndProject
Project("{FAE04EC0-301F-11D3-BF4B-00C04F79EFBC}") = "Sandbox", "Sandbox\Sandbox.csproj", "{5EB67725-5496-492F-8C0C-09760F6198C6}"
EndProject
Project("{FAE04EC0-301F-11D3-BF4B-00C04F79EFBC}") = "dbqf.WinForms.tests", "Frontends\dbqf.WinForms.tests\dbqf.WinForms.tests.csproj", "{4BCD0945-359F-4381-98D5-2D913CBE4A76}"
EndProject
Project("{FAE04EC0-301F-11D3-BF4B-00C04F79EFBC}") = "Standalone.Core", "Application\Standalone.Core\Standalone.Core.csproj", "{A9091ADB-FC19-4982-BCE4-6A0425F974D6}"
EndProject
Project("{FAE04EC0-301F-11D3-BF4B-00C04F79EFBC}") = "Standalone.WPF", "Application\Standalone.WPF\Standalone.WPF.csproj", "{AF36D489-5EAC-4555-84A2-5FD03D700AD2}"
EndProject
Project("{FAE04EC0-301F-11D3-BF4B-00C04F79EFBC}") = "dbqf.WPF", "Frontends\dbqf.WPF\dbqf.WPF.csproj", "{A4415051-8BE4-4D13-9A30-A9495A4701EE}"
EndProject
Project("{FAE04EC0-301F-11D3-BF4B-00C04F79EFBC}") = "dbqf.Serialization", "dbqf.Serialization\dbqf.Serialization.csproj", "{F46B0AF8-B45B-4897-995F-BBA8A290999A}"
EndProject
Project("{FAE04EC0-301F-11D3-BF4B-00C04F79EFBC}") = "dbqf.Serialization.tests", "dbqf.Serialization.tests\dbqf.Serialization.tests.csproj", "{281B5D3F-E4B0-480C-A0CD-4CB3F34B8240}"
EndProject
Project("{2150E333-8FDC-42A3-9474-1A3956D46DE8}") = "Backends", "Backends", "{E4968957-1350-4AA4-82BF-E83C8888498F}"
EndProject
Project("{2150E333-8FDC-42A3-9474-1A3956D46DE8}") = "Frontends", "Frontends", "{9CE70242-D692-454D-86FE-6A001FA98D0F}"
EndProject
Project("{2150E333-8FDC-42A3-9474-1A3956D46DE8}") = "Application", "Application", "{97A28804-E6C4-4345-966A-8E54CE7FFD8F}"
EndProject
Project("{2150E333-8FDC-42A3-9474-1A3956D46DE8}") = "Samples", "Samples", "{F27BB0CD-16AC-446E-A3AA-8CEBE3F37EAC}"
EndProject
Project("{FAE04EC0-301F-11D3-BF4B-00C04F79EFBC}") = "dbqf.Sql", "Backends\dbqf.Sql\dbqf.Sql.csproj", "{8677A10F-415F-4F5F-ABC5-726EDE1CB372}"
EndProject
Project("{FAE04EC0-301F-11D3-BF4B-00C04F79EFBC}") = "1-Getting-Started", "Samples\1-Getting-Started\1-Getting-Started.csproj", "{826095E0-D952-4E50-B1AD-E63DCC45122B}"
EndProject
Project("{FAE04EC0-301F-11D3-BF4B-00C04F79EFBC}") = "2-Query-SQL", "Samples\2-Query-SQL\2-Query-SQL.csproj", "{30418998-E47B-4211-B2B9-DF304CD51C88}"
EndProject
Global
	GlobalSection(SolutionConfigurationPlatforms) = preSolution
		Debug|Any CPU = Debug|Any CPU
		Release|Any CPU = Release|Any CPU
	EndGlobalSection
	GlobalSection(ProjectConfigurationPlatforms) = postSolution
		{AB9BDEC4-8264-49A2-B2B6-EF6276341535}.Debug|Any CPU.ActiveCfg = Debug|Any CPU
		{AB9BDEC4-8264-49A2-B2B6-EF6276341535}.Debug|Any CPU.Build.0 = Debug|Any CPU
		{AB9BDEC4-8264-49A2-B2B6-EF6276341535}.Release|Any CPU.ActiveCfg = Release|Any CPU
		{AB9BDEC4-8264-49A2-B2B6-EF6276341535}.Release|Any CPU.Build.0 = Release|Any CPU
		{B4727DD4-CEF3-4740-8B90-CE6E2B1C8D26}.Debug|Any CPU.ActiveCfg = Debug|Any CPU
		{B4727DD4-CEF3-4740-8B90-CE6E2B1C8D26}.Debug|Any CPU.Build.0 = Debug|Any CPU
		{B4727DD4-CEF3-4740-8B90-CE6E2B1C8D26}.Release|Any CPU.ActiveCfg = Release|Any CPU
		{B4727DD4-CEF3-4740-8B90-CE6E2B1C8D26}.Release|Any CPU.Build.0 = Release|Any CPU
		{BC5AAA8E-D0F7-48DE-9F71-3A7C21BDD6D1}.Debug|Any CPU.ActiveCfg = Debug|Any CPU
		{BC5AAA8E-D0F7-48DE-9F71-3A7C21BDD6D1}.Debug|Any CPU.Build.0 = Debug|Any CPU
		{BC5AAA8E-D0F7-48DE-9F71-3A7C21BDD6D1}.Release|Any CPU.ActiveCfg = Release|Any CPU
		{BC5AAA8E-D0F7-48DE-9F71-3A7C21BDD6D1}.Release|Any CPU.Build.0 = Release|Any CPU
		{5AAD85B2-212D-421C-9C9B-8B2675550E1E}.Debug|Any CPU.ActiveCfg = Debug|Any CPU
		{5AAD85B2-212D-421C-9C9B-8B2675550E1E}.Debug|Any CPU.Build.0 = Debug|Any CPU
		{5AAD85B2-212D-421C-9C9B-8B2675550E1E}.Release|Any CPU.ActiveCfg = Release|Any CPU
		{5AAD85B2-212D-421C-9C9B-8B2675550E1E}.Release|Any CPU.Build.0 = Release|Any CPU
		{5EB67725-5496-492F-8C0C-09760F6198C6}.Debug|Any CPU.ActiveCfg = Debug|Any CPU
		{5EB67725-5496-492F-8C0C-09760F6198C6}.Debug|Any CPU.Build.0 = Debug|Any CPU
		{5EB67725-5496-492F-8C0C-09760F6198C6}.Release|Any CPU.ActiveCfg = Release|Any CPU
		{5EB67725-5496-492F-8C0C-09760F6198C6}.Release|Any CPU.Build.0 = Release|Any CPU
		{4BCD0945-359F-4381-98D5-2D913CBE4A76}.Debug|Any CPU.ActiveCfg = Debug|Any CPU
		{4BCD0945-359F-4381-98D5-2D913CBE4A76}.Debug|Any CPU.Build.0 = Debug|Any CPU
		{4BCD0945-359F-4381-98D5-2D913CBE4A76}.Release|Any CPU.ActiveCfg = Release|Any CPU
		{4BCD0945-359F-4381-98D5-2D913CBE4A76}.Release|Any CPU.Build.0 = Release|Any CPU
		{A9091ADB-FC19-4982-BCE4-6A0425F974D6}.Debug|Any CPU.ActiveCfg = Debug|Any CPU
		{A9091ADB-FC19-4982-BCE4-6A0425F974D6}.Debug|Any CPU.Build.0 = Debug|Any CPU
		{A9091ADB-FC19-4982-BCE4-6A0425F974D6}.Release|Any CPU.ActiveCfg = Release|Any CPU
		{A9091ADB-FC19-4982-BCE4-6A0425F974D6}.Release|Any CPU.Build.0 = Release|Any CPU
		{AF36D489-5EAC-4555-84A2-5FD03D700AD2}.Debug|Any CPU.ActiveCfg = Debug|Any CPU
		{AF36D489-5EAC-4555-84A2-5FD03D700AD2}.Debug|Any CPU.Build.0 = Debug|Any CPU
		{AF36D489-5EAC-4555-84A2-5FD03D700AD2}.Release|Any CPU.ActiveCfg = Release|Any CPU
		{AF36D489-5EAC-4555-84A2-5FD03D700AD2}.Release|Any CPU.Build.0 = Release|Any CPU
		{A4415051-8BE4-4D13-9A30-A9495A4701EE}.Debug|Any CPU.ActiveCfg = Debug|Any CPU
		{A4415051-8BE4-4D13-9A30-A9495A4701EE}.Debug|Any CPU.Build.0 = Debug|Any CPU
		{A4415051-8BE4-4D13-9A30-A9495A4701EE}.Release|Any CPU.ActiveCfg = Release|Any CPU
		{A4415051-8BE4-4D13-9A30-A9495A4701EE}.Release|Any CPU.Build.0 = Release|Any CPU
		{F46B0AF8-B45B-4897-995F-BBA8A290999A}.Debug|Any CPU.ActiveCfg = Debug|Any CPU
		{F46B0AF8-B45B-4897-995F-BBA8A290999A}.Debug|Any CPU.Build.0 = Debug|Any CPU
		{F46B0AF8-B45B-4897-995F-BBA8A290999A}.Release|Any CPU.ActiveCfg = Release|Any CPU
		{F46B0AF8-B45B-4897-995F-BBA8A290999A}.Release|Any CPU.Build.0 = Release|Any CPU
		{281B5D3F-E4B0-480C-A0CD-4CB3F34B8240}.Debug|Any CPU.ActiveCfg = Debug|Any CPU
		{281B5D3F-E4B0-480C-A0CD-4CB3F34B8240}.Debug|Any CPU.Build.0 = Debug|Any CPU
		{281B5D3F-E4B0-480C-A0CD-4CB3F34B8240}.Release|Any CPU.ActiveCfg = Release|Any CPU
		{281B5D3F-E4B0-480C-A0CD-4CB3F34B8240}.Release|Any CPU.Build.0 = Release|Any CPU
		{8677A10F-415F-4F5F-ABC5-726EDE1CB372}.Debug|Any CPU.ActiveCfg = Debug|Any CPU
		{8677A10F-415F-4F5F-ABC5-726EDE1CB372}.Debug|Any CPU.Build.0 = Debug|Any CPU
		{8677A10F-415F-4F5F-ABC5-726EDE1CB372}.Release|Any CPU.ActiveCfg = Release|Any CPU
		{8677A10F-415F-4F5F-ABC5-726EDE1CB372}.Release|Any CPU.Build.0 = Release|Any CPU
		{826095E0-D952-4E50-B1AD-E63DCC45122B}.Debug|Any CPU.ActiveCfg = Debug|Any CPU
		{826095E0-D952-4E50-B1AD-E63DCC45122B}.Debug|Any CPU.Build.0 = Debug|Any CPU
		{826095E0-D952-4E50-B1AD-E63DCC45122B}.Release|Any CPU.ActiveCfg = Release|Any CPU
		{826095E0-D952-4E50-B1AD-E63DCC45122B}.Release|Any CPU.Build.0 = Release|Any CPU
		{30418998-E47B-4211-B2B9-DF304CD51C88}.Debug|Any CPU.ActiveCfg = Debug|Any CPU
		{30418998-E47B-4211-B2B9-DF304CD51C88}.Debug|Any CPU.Build.0 = Debug|Any CPU
		{30418998-E47B-4211-B2B9-DF304CD51C88}.Release|Any CPU.ActiveCfg = Release|Any CPU
		{30418998-E47B-4211-B2B9-DF304CD51C88}.Release|Any CPU.Build.0 = Release|Any CPU
	EndGlobalSection
	GlobalSection(SolutionProperties) = preSolution
		HideSolutionNode = FALSE
	EndGlobalSection
	GlobalSection(NestedProjects) = preSolution
		{B4727DD4-CEF3-4740-8B90-CE6E2B1C8D26} = {9CE70242-D692-454D-86FE-6A001FA98D0F}
		{5AAD85B2-212D-421C-9C9B-8B2675550E1E} = {97A28804-E6C4-4345-966A-8E54CE7FFD8F}
		{4BCD0945-359F-4381-98D5-2D913CBE4A76} = {9CE70242-D692-454D-86FE-6A001FA98D0F}
		{A9091ADB-FC19-4982-BCE4-6A0425F974D6} = {97A28804-E6C4-4345-966A-8E54CE7FFD8F}
		{AF36D489-5EAC-4555-84A2-5FD03D700AD2} = {97A28804-E6C4-4345-966A-8E54CE7FFD8F}
		{A4415051-8BE4-4D13-9A30-A9495A4701EE} = {9CE70242-D692-454D-86FE-6A001FA98D0F}
		{8677A10F-415F-4F5F-ABC5-726EDE1CB372} = {E4968957-1350-4AA4-82BF-E83C8888498F}
		{826095E0-D952-4E50-B1AD-E63DCC45122B} = {F27BB0CD-16AC-446E-A3AA-8CEBE3F37EAC}
		{30418998-E47B-4211-B2B9-DF304CD51C88} = {F27BB0CD-16AC-446E-A3AA-8CEBE3F37EAC}
	EndGlobalSection
EndGlobal
